
Microsoft Visual Studio Solution File, Format Version 12.00
# Visual Studio Version 17
VisualStudioVersion = 17.14.36518.9
MinimumVisualStudioVersion = 10.0.40219.1
Project("{FAE04EC0-301F-11D3-BF4B-00C04F79EFBC}") = "Maui", "Maui\Maui.csproj", "{AB30ED59-BF1D-4628-BF65-F56AE9B3DF98}"
EndProject
Project("{2150E333-8FDC-42A3-9474-1A3956D46DE8}") = "Solution Items", "Solution Items", "{8EC462FD-D22E-90A8-E5CE-7E832BA40C5D}"
	ProjectSection(SolutionItems) = preProject
		.runsettings = .runsettings
		..\CLAUDE.md = ..\CLAUDE.md
		integration.runsettings = integration.runsettings
		..\.github\workflows\pr-validation.yml = ..\.github\workflows\pr-validation.yml
	EndProjectSection
EndProject
Project("{2150E333-8FDC-42A3-9474-1A3956D46DE8}") = "docs", "docs", "{F5A9E7D4-8B2C-4F6A-9E3D-1C5F6A8B9D2E}"
	ProjectSection(SolutionItems) = preProject
		..\docs\app-description.md = ..\docs\app-description.md
		..\docs\architecture.md = ..\docs\architecture.md
	EndProjectSection
EndProject
Project("{FAE04EC0-301F-11D3-BF4B-00C04F79EFBC}") = "Maui.Infrastructure", "Maui.Infrastructure\Maui.Infrastructure.csproj", "{D0D49DC1-C3E3-4E38-9E29-FAE6C5D2067F}"
EndProject
Project("{FAE04EC0-301F-11D3-BF4B-00C04F79EFBC}") = "Maui.Tests", "Maui.Tests\Maui.Tests.csproj", "{77777C93-9EBD-4081-A7C2-968F9663BB88}"
EndProject
Project("{FAE04EC0-301F-11D3-BF4B-00C04F79EFBC}") = "Maui.IntegrationTests", "Maui.IntegrationTests\Maui.IntegrationTests.csproj", "{0A1B3BB9-2A96-4178-BE7A-4D66EA113E37}"
EndProject
Project("{FAE04EC0-301F-11D3-BF4B-00C04F79EFBC}") = "Maui.Analyzers", "Maui.Analyzers\Maui.Analyzers.csproj", "{A4D639AF-A743-48C3-B9E0-3AE3C37B5A7E}"
EndProject
Project("{FAE04EC0-301F-11D3-BF4B-00C04F79EFBC}") = "Maui.Core", "Maui.Core\Maui.Core.csproj", "{7443DE7B-B50B-4027-B3BA-CC36B78309BB}"
EndProject
Global
	GlobalSection(SolutionConfigurationPlatforms) = preSolution
		Debug|Any CPU = Debug|Any CPU
		Debug|x64 = Debug|x64
		Debug|x86 = Debug|x86
		Release|Any CPU = Release|Any CPU
		Release|x64 = Release|x64
		Release|x86 = Release|x86
	EndGlobalSection
	GlobalSection(ProjectConfigurationPlatforms) = postSolution
		{AB30ED59-BF1D-4628-BF65-F56AE9B3DF98}.Debug|Any CPU.ActiveCfg = Debug|Any CPU
		{AB30ED59-BF1D-4628-BF65-F56AE9B3DF98}.Debug|Any CPU.Build.0 = Debug|Any CPU
		{AB30ED59-BF1D-4628-BF65-F56AE9B3DF98}.Debug|Any CPU.Deploy.0 = Debug|Any CPU
		{AB30ED59-BF1D-4628-BF65-F56AE9B3DF98}.Debug|x64.ActiveCfg = Debug|Any CPU
		{AB30ED59-BF1D-4628-BF65-F56AE9B3DF98}.Debug|x64.Build.0 = Debug|Any CPU
		{AB30ED59-BF1D-4628-BF65-F56AE9B3DF98}.Debug|x86.ActiveCfg = Debug|Any CPU
		{AB30ED59-BF1D-4628-BF65-F56AE9B3DF98}.Debug|x86.Build.0 = Debug|Any CPU
		{AB30ED59-BF1D-4628-BF65-F56AE9B3DF98}.Release|Any CPU.ActiveCfg = Release|Any CPU
		{AB30ED59-BF1D-4628-BF65-F56AE9B3DF98}.Release|Any CPU.Build.0 = Release|Any CPU
		{AB30ED59-BF1D-4628-BF65-F56AE9B3DF98}.Release|x64.ActiveCfg = Release|Any CPU
		{AB30ED59-BF1D-4628-BF65-F56AE9B3DF98}.Release|x64.Build.0 = Release|Any CPU
		{AB30ED59-BF1D-4628-BF65-F56AE9B3DF98}.Release|x86.ActiveCfg = Release|Any CPU
		{AB30ED59-BF1D-4628-BF65-F56AE9B3DF98}.Release|x86.Build.0 = Release|Any CPU
		{D0D49DC1-C3E3-4E38-9E29-FAE6C5D2067F}.Debug|Any CPU.ActiveCfg = Debug|Any CPU
		{D0D49DC1-C3E3-4E38-9E29-FAE6C5D2067F}.Debug|Any CPU.Build.0 = Debug|Any CPU
		{D0D49DC1-C3E3-4E38-9E29-FAE6C5D2067F}.Debug|x64.ActiveCfg = Debug|Any CPU
		{D0D49DC1-C3E3-4E38-9E29-FAE6C5D2067F}.Debug|x64.Build.0 = Debug|Any CPU
		{D0D49DC1-C3E3-4E38-9E29-FAE6C5D2067F}.Debug|x86.ActiveCfg = Debug|Any CPU
		{D0D49DC1-C3E3-4E38-9E29-FAE6C5D2067F}.Debug|x86.Build.0 = Debug|Any CPU
		{D0D49DC1-C3E3-4E38-9E29-FAE6C5D2067F}.Release|Any CPU.ActiveCfg = Release|Any CPU
		{D0D49DC1-C3E3-4E38-9E29-FAE6C5D2067F}.Release|Any CPU.Build.0 = Release|Any CPU
		{D0D49DC1-C3E3-4E38-9E29-FAE6C5D2067F}.Release|x64.ActiveCfg = Release|Any CPU
		{D0D49DC1-C3E3-4E38-9E29-FAE6C5D2067F}.Release|x64.Build.0 = Release|Any CPU
		{D0D49DC1-C3E3-4E38-9E29-FAE6C5D2067F}.Release|x86.ActiveCfg = Release|Any CPU
		{D0D49DC1-C3E3-4E38-9E29-FAE6C5D2067F}.Release|x86.Build.0 = Release|Any CPU
		{77777C93-9EBD-4081-A7C2-968F9663BB88}.Debug|Any CPU.ActiveCfg = Debug|Any CPU
		{77777C93-9EBD-4081-A7C2-968F9663BB88}.Debug|Any CPU.Build.0 = Debug|Any CPU
		{77777C93-9EBD-4081-A7C2-968F9663BB88}.Debug|x64.ActiveCfg = Debug|Any CPU
		{77777C93-9EBD-4081-A7C2-968F9663BB88}.Debug|x64.Build.0 = Debug|Any CPU
		{77777C93-9EBD-4081-A7C2-968F9663BB88}.Debug|x86.ActiveCfg = Debug|Any CPU
		{77777C93-9EBD-4081-A7C2-968F9663BB88}.Debug|x86.Build.0 = Debug|Any CPU
		{77777C93-9EBD-4081-A7C2-968F9663BB88}.Release|Any CPU.ActiveCfg = Release|Any CPU
		{77777C93-9EBD-4081-A7C2-968F9663BB88}.Release|Any CPU.Build.0 = Release|Any CPU
		{77777C93-9EBD-4081-A7C2-968F9663BB88}.Release|x64.ActiveCfg = Release|Any CPU
		{77777C93-9EBD-4081-A7C2-968F9663BB88}.Release|x64.Build.0 = Release|Any CPU
		{77777C93-9EBD-4081-A7C2-968F9663BB88}.Release|x86.ActiveCfg = Release|Any CPU
		{77777C93-9EBD-4081-A7C2-968F9663BB88}.Release|x86.Build.0 = Release|Any CPU
		{0A1B3BB9-2A96-4178-BE7A-4D66EA113E37}.Debug|Any CPU.ActiveCfg = Debug|Any CPU
		{0A1B3BB9-2A96-4178-BE7A-4D66EA113E37}.Debug|Any CPU.Build.0 = Debug|Any CPU
		{0A1B3BB9-2A96-4178-BE7A-4D66EA113E37}.Debug|x64.ActiveCfg = Debug|Any CPU
		{0A1B3BB9-2A96-4178-BE7A-4D66EA113E37}.Debug|x64.Build.0 = Debug|Any CPU
		{0A1B3BB9-2A96-4178-BE7A-4D66EA113E37}.Debug|x86.ActiveCfg = Debug|Any CPU
		{0A1B3BB9-2A96-4178-BE7A-4D66EA113E37}.Debug|x86.Build.0 = Debug|Any CPU
		{0A1B3BB9-2A96-4178-BE7A-4D66EA113E37}.Release|Any CPU.ActiveCfg = Release|Any CPU
		{0A1B3BB9-2A96-4178-BE7A-4D66EA113E37}.Release|Any CPU.Build.0 = Release|Any CPU
		{0A1B3BB9-2A96-4178-BE7A-4D66EA113E37}.Release|x64.ActiveCfg = Release|Any CPU
		{0A1B3BB9-2A96-4178-BE7A-4D66EA113E37}.Release|x64.Build.0 = Release|Any CPU
		{0A1B3BB9-2A96-4178-BE7A-4D66EA113E37}.Release|x86.ActiveCfg = Release|Any CPU
		{0A1B3BB9-2A96-4178-BE7A-4D66EA113E37}.Release|x86.Build.0 = Release|Any CPU
		{A4D639AF-A743-48C3-B9E0-3AE3C37B5A7E}.Debug|Any CPU.ActiveCfg = Debug|Any CPU
		{A4D639AF-A743-48C3-B9E0-3AE3C37B5A7E}.Debug|Any CPU.Build.0 = Debug|Any CPU
		{A4D639AF-A743-48C3-B9E0-3AE3C37B5A7E}.Debug|x64.ActiveCfg = Debug|Any CPU
		{A4D639AF-A743-48C3-B9E0-3AE3C37B5A7E}.Debug|x64.Build.0 = Debug|Any CPU
		{A4D639AF-A743-48C3-B9E0-3AE3C37B5A7E}.Debug|x86.ActiveCfg = Debug|Any CPU
		{A4D639AF-A743-48C3-B9E0-3AE3C37B5A7E}.Debug|x86.Build.0 = Debug|Any CPU
		{A4D639AF-A743-48C3-B9E0-3AE3C37B5A7E}.Release|Any CPU.ActiveCfg = Release|Any CPU
		{A4D639AF-A743-48C3-B9E0-3AE3C37B5A7E}.Release|Any CPU.Build.0 = Release|Any CPU
		{A4D639AF-A743-48C3-B9E0-3AE3C37B5A7E}.Release|x64.ActiveCfg = Release|Any CPU
		{A4D639AF-A743-48C3-B9E0-3AE3C37B5A7E}.Release|x64.Build.0 = Release|Any CPU
		{A4D639AF-A743-48C3-B9E0-3AE3C37B5A7E}.Release|x86.ActiveCfg = Release|Any CPU
		{A4D639AF-A743-48C3-B9E0-3AE3C37B5A7E}.Release|x86.Build.0 = Release|Any CPU
		{7443DE7B-B50B-4027-B3BA-CC36B78309BB}.Debug|Any CPU.ActiveCfg = Debug|Any CPU
		{7443DE7B-B50B-4027-B3BA-CC36B78309BB}.Debug|Any CPU.Build.0 = Debug|Any CPU
		{7443DE7B-B50B-4027-B3BA-CC36B78309BB}.Debug|x64.ActiveCfg = Debug|Any CPU
		{7443DE7B-B50B-4027-B3BA-CC36B78309BB}.Debug|x64.Build.0 = Debug|Any CPU
		{7443DE7B-B50B-4027-B3BA-CC36B78309BB}.Debug|x86.ActiveCfg = Debug|Any CPU
		{7443DE7B-B50B-4027-B3BA-CC36B78309BB}.Debug|x86.Build.0 = Debug|Any CPU
		{7443DE7B-B50B-4027-B3BA-CC36B78309BB}.Release|Any CPU.ActiveCfg = Release|Any CPU
		{7443DE7B-B50B-4027-B3BA-CC36B78309BB}.Release|Any CPU.Build.0 = Release|Any CPU
		{7443DE7B-B50B-4027-B3BA-CC36B78309BB}.Release|x64.ActiveCfg = Release|Any CPU
		{7443DE7B-B50B-4027-B3BA-CC36B78309BB}.Release|x64.Build.0 = Release|Any CPU
		{7443DE7B-B50B-4027-B3BA-CC36B78309BB}.Release|x86.ActiveCfg = Release|Any CPU
		{7443DE7B-B50B-4027-B3BA-CC36B78309BB}.Release|x86.Build.0 = Release|Any CPU
	EndGlobalSection
	GlobalSection(SolutionProperties) = preSolution
		HideSolutionNode = FALSE
	EndGlobalSection
	GlobalSection(ExtensibilityGlobals) = postSolution
		SolutionGuid = {A3102242-39C9-4015-B0FD-88992747F94E}
	EndGlobalSection
EndGlobal
